// !$*UTF8*$!
{
	archiveVersion = 1;
	classes = {
	};
	objectVersion = 46;
	objects = {

/* Begin PBXBuildFile section */
		426D622A19D26FAB00B89DA3 /* main.m in Sources */ = {isa = PBXBuildFile; fileRef = 426D622919D26FAB00B89DA3 /* main.m */; };
		426D622D19D26FAB00B89DA3 /* AppDelegate.m in Sources */ = {isa = PBXBuildFile; fileRef = 426D622C19D26FAB00B89DA3 /* AppDelegate.m */; };
		426D622F19D26FAB00B89DA3 /* Images.xcassets in Resources */ = {isa = PBXBuildFile; fileRef = 426D622E19D26FAB00B89DA3 /* Images.xcassets */; };
		426D623219D26FAC00B89DA3 /* MainMenu.xib in Resources */ = {isa = PBXBuildFile; fileRef = 426D623019D26FAC00B89DA3 /* MainMenu.xib */; };
		426D623E19D26FAC00B89DA3 /* FileAssociationTests.m in Sources */ = {isa = PBXBuildFile; fileRef = 426D623D19D26FAC00B89DA3 /* FileAssociationTests.m */; };
/* End PBXBuildFile section */

/* Begin PBXContainerItemProxy section */
		426D623819D26FAC00B89DA3 /* PBXContainerItemProxy */ = {
			isa = PBXContainerItemProxy;
			containerPortal = 426D621C19D26FAB00B89DA3 /* Project object */;
			proxyType = 1;
			remoteGlobalIDString = 426D622319D26FAB00B89DA3;
			remoteInfo = FileAssociation;
		};
/* End PBXContainerItemProxy section */

/* Begin PBXFileReference section */
		426D622419D26FAB00B89DA3 /* FileAssociation.app */ = {isa = PBXFileReference; explicitFileType = wrapper.application; includeInIndex = 0; path = FileAssociation.app; sourceTree = BUILT_PRODUCTS_DIR; };
		426D622819D26FAB00B89DA3 /* Info.plist */ = {isa = PBXFileReference; lastKnownFileType = text.plist.xml; path = Info.plist; sourceTree = "<group>"; };
		426D622919D26FAB00B89DA3 /* main.m */ = {isa = PBXFileReference; lastKnownFileType = sourcecode.c.objc; path = main.m; sourceTree = "<group>"; };
		426D622B19D26FAB00B89DA3 /* AppDelegate.h */ = {isa = PBXFileReference; lastKnownFileType = sourcecode.c.h; path = AppDelegate.h; sourceTree = "<group>"; };
		426D622C19D26FAB00B89DA3 /* AppDelegate.m */ = {isa = PBXFileReference; lastKnownFileType = sourcecode.c.objc; path = AppDelegate.m; sourceTree = "<group>"; };
		426D622E19D26FAB00B89DA3 /* Images.xcassets */ = {isa = PBXFileReference; lastKnownFileType = folder.assetcatalog; path = Images.xcassets; sourceTree = "<group>"; };
		426D623119D26FAC00B89DA3 /* Base */ = {isa = PBXFileReference; lastKnownFileType = file.xib; name = Base; path = Base.lproj/MainMenu.xib; sourceTree = "<group>"; };
		426D623719D26FAC00B89DA3 /* FileAssociationTests.xctest */ = {isa = PBXFileReference; explicitFileType = wrapper.cfbundle; includeInIndex = 0; path = FileAssociationTests.xctest; sourceTree = BUILT_PRODUCTS_DIR; };
		426D623C19D26FAC00B89DA3 /* Info.plist */ = {isa = PBXFileReference; lastKnownFileType = text.plist.xml; path = Info.plist; sourceTree = "<group>"; };
		426D623D19D26FAC00B89DA3 /* FileAssociationTests.m */ = {isa = PBXFileReference; lastKnownFileType = sourcecode.c.objc; path = FileAssociationTests.m; sourceTree = "<group>"; };
/* End PBXFileReference section */

/* Begin PBXFrameworksBuildPhase section */
		426D622119D26FAB00B89DA3 /* Frameworks */ = {
			isa = PBXFrameworksBuildPhase;
			buildActionMask = 2147483647;
			files = (
			);
			runOnlyForDeploymentPostprocessing = 0;
		};
		426D623419D26FAC00B89DA3 /* Frameworks */ = {
			isa = PBXFrameworksBuildPhase;
			buildActionMask = 2147483647;
			files = (
			);
			runOnlyForDeploymentPostprocessing = 0;
		};
/* End PBXFrameworksBuildPhase section */

/* Begin PBXGroup section */
		426D621B19D26FAB00B89DA3 = {
			isa = PBXGroup;
			children = (
				426D622619D26FAB00B89DA3 /* FileAssociation */,
				426D623A19D26FAC00B89DA3 /* FileAssociationTests */,
				426D622519D26FAB00B89DA3 /* Products */,
			);
			sourceTree = "<group>";
		};
		426D622519D26FAB00B89DA3 /* Products */ = {
			isa = PBXGroup;
			children = (
				426D622419D26FAB00B89DA3 /* FileAssociation.app */,
				426D623719D26FAC00B89DA3 /* FileAssociationTests.xctest */,
			);
			name = Products;
			sourceTree = "<group>";
		};
		426D622619D26FAB00B89DA3 /* FileAssociation */ = {
			isa = PBXGroup;
			children = (
				426D622B19D26FAB00B89DA3 /* AppDelegate.h */,
				426D622C19D26FAB00B89DA3 /* AppDelegate.m */,
				426D622E19D26FAB00B89DA3 /* Images.xcassets */,
				426D623019D26FAC00B89DA3 /* MainMenu.xib */,
				426D622719D26FAB00B89DA3 /* Supporting Files */,
			);
			path = FileAssociation;
			sourceTree = "<group>";
		};
		426D622719D26FAB00B89DA3 /* Supporting Files */ = {
			isa = PBXGroup;
			children = (
				426D622819D26FAB00B89DA3 /* Info.plist */,
				426D622919D26FAB00B89DA3 /* main.m */,
			);
			name = "Supporting Files";
			sourceTree = "<group>";
		};
		426D623A19D26FAC00B89DA3 /* FileAssociationTests */ = {
			isa = PBXGroup;
			children = (
				426D623D19D26FAC00B89DA3 /* FileAssociationTests.m */,
				426D623B19D26FAC00B89DA3 /* Supporting Files */,
			);
			path = FileAssociationTests;
			sourceTree = "<group>";
		};
		426D623B19D26FAC00B89DA3 /* Supporting Files */ = {
			isa = PBXGroup;
			children = (
				426D623C19D26FAC00B89DA3 /* Info.plist */,
			);
			name = "Supporting Files";
			sourceTree = "<group>";
		};
/* End PBXGroup section */

/* Begin PBXNativeTarget section */
		426D622319D26FAB00B89DA3 /* FileAssociation */ = {
			isa = PBXNativeTarget;
			buildConfigurationList = 426D624119D26FAC00B89DA3 /* Build configuration list for PBXNativeTarget "FileAssociation" */;
			buildPhases = (
				426D622019D26FAB00B89DA3 /* Sources */,
				426D622119D26FAB00B89DA3 /* Frameworks */,
				426D622219D26FAB00B89DA3 /* Resources */,
			);
			buildRules = (
			);
			dependencies = (
			);
			name = FileAssociation;
			productName = FileAssociation;
			productReference = 426D622419D26FAB00B89DA3 /* FileAssociation.app */;
			productType = "com.apple.product-type.application";
		};
		426D623619D26FAC00B89DA3 /* FileAssociationTests */ = {
			isa = PBXNativeTarget;
			buildConfigurationList = 426D624419D26FAC00B89DA3 /* Build configuration list for PBXNativeTarget "FileAssociationTests" */;
			buildPhases = (
				426D623319D26FAC00B89DA3 /* Sources */,
				426D623419D26FAC00B89DA3 /* Frameworks */,
				426D623519D26FAC00B89DA3 /* Resources */,
			);
			buildRules = (
			);
			dependencies = (
				426D623919D26FAC00B89DA3 /* PBXTargetDependency */,
			);
			name = FileAssociationTests;
			productName = FileAssociationTests;
			productReference = 426D623719D26FAC00B89DA3 /* FileAssociationTests.xctest */;
			productType = "com.apple.product-type.bundle.unit-test";
		};
/* End PBXNativeTarget section */

/* Begin PBXProject section */
		426D621C19D26FAB00B89DA3 /* Project object */ = {
			isa = PBXProject;
			attributes = {
				LastUpgradeCheck = 0600;
				ORGANIZATIONNAME = dk;
				TargetAttributes = {
					426D622319D26FAB00B89DA3 = {
						CreatedOnToolsVersion = 6.0.1;
					};
					426D623619D26FAC00B89DA3 = {
						CreatedOnToolsVersion = 6.0.1;
						TestTargetID = 426D622319D26FAB00B89DA3;
					};
				};
			};
			buildConfigurationList = 426D621F19D26FAB00B89DA3 /* Build configuration list for PBXProject "FileAssociation" */;
			compatibilityVersion = "Xcode 3.2";
			developmentRegion = English;
			hasScannedForEncodings = 0;
			knownRegions = (
				en,
				Base,
			);
			mainGroup = 426D621B19D26FAB00B89DA3;
			productRefGroup = 426D622519D26FAB00B89DA3 /* Products */;
			projectDirPath = "";
			projectRoot = "";
			targets = (
				426D622319D26FAB00B89DA3 /* FileAssociation */,
				426D623619D26FAC00B89DA3 /* FileAssociationTests */,
			);
		};
/* End PBXProject section */

/* Begin PBXResourcesBuildPhase section */
		426D622219D26FAB00B89DA3 /* Resources */ = {
			isa = PBXResourcesBuildPhase;
			buildActionMask = 2147483647;
			files = (
				426D622F19D26FAB00B89DA3 /* Images.xcassets in Resources */,
				426D623219D26FAC00B89DA3 /* MainMenu.xib in Resources */,
			);
			runOnlyForDeploymentPostprocessing = 0;
		};
		426D623519D26FAC00B89DA3 /* Resources */ = {
			isa = PBXResourcesBuildPhase;
			buildActionMask = 2147483647;
			files = (
			);
			runOnlyForDeploymentPostprocessing = 0;
		};
/* End PBXResourcesBuildPhase section */

/* Begin PBXSourcesBuildPhase section */
		426D622019D26FAB00B89DA3 /* Sources */ = {
			isa = PBXSourcesBuildPhase;
			buildActionMask = 2147483647;
			files = (
				426D622D19D26FAB00B89DA3 /* AppDelegate.m in Sources */,
				426D622A19D26FAB00B89DA3 /* main.m in Sources */,
			);
			runOnlyForDeploymentPostprocessing = 0;
		};
		426D623319D26FAC00B89DA3 /* Sources */ = {
			isa = PBXSourcesBuildPhase;
			buildActionMask = 2147483647;
			files = (
				426D623E19D26FAC00B89DA3 /* FileAssociationTests.m in Sources */,
			);
			runOnlyForDeploymentPostprocessing = 0;
		};
/* End PBXSourcesBuildPhase section */

/* Begin PBXTargetDependency section */
		426D623919D26FAC00B89DA3 /* PBXTargetDependency */ = {
			isa = PBXTargetDependency;
			target = 426D622319D26FAB00B89DA3 /* FileAssociation */;
			targetProxy = 426D623819D26FAC00B89DA3 /* PBXContainerItemProxy */;
		};
/* End PBXTargetDependency section */

/* Begin PBXVariantGroup section */
		426D623019D26FAC00B89DA3 /* MainMenu.xib */ = {
			isa = PBXVariantGroup;
			children = (
				426D623119D26FAC00B89DA3 /* Base */,
			);
			name = MainMenu.xib;
			sourceTree = "<group>";
		};
/* End PBXVariantGroup section */

/* Begin XCBuildConfiguration section */
		426D623F19D26FAC00B89DA3 /* Debug */ = {
			isa = XCBuildConfiguration;
			buildSettings = {
				ALWAYS_SEARCH_USER_PATHS = NO;
				CLANG_CXX_LANGUAGE_STANDARD = "gnu++0x";
				CLANG_CXX_LIBRARY = "libc++";
				CLANG_ENABLE_MODULES = YES;
				CLANG_ENABLE_OBJC_ARC = YES;
				CLANG_WARN_BOOL_CONVERSION = YES;
				CLANG_WARN_CONSTANT_CONVERSION = YES;
				CLANG_WARN_DIRECT_OBJC_ISA_USAGE = YES_ERROR;
				CLANG_WARN_EMPTY_BODY = YES;
				CLANG_WARN_ENUM_CONVERSION = YES;
				CLANG_WARN_INT_CONVERSION = YES;
				CLANG_WARN_OBJC_ROOT_CLASS = YES_ERROR;
				CLANG_WARN_UNREACHABLE_CODE = YES;
				CLANG_WARN__DUPLICATE_METHOD_MATCH = YES;
				CODE_SIGN_IDENTITY = "-";
				COPY_PHASE_STRIP = NO;
				ENABLE_STRICT_OBJC_MSGSEND = YES;
				GCC_C_LANGUAGE_STANDARD = gnu99;
				GCC_DYNAMIC_NO_PIC = NO;
				GCC_OPTIMIZATION_LEVEL = 0;
				GCC_PREPROCESSOR_DEFINITIONS = (
					"DEBUG=1",
					"$(inherited)",
				);
				GCC_SYMBOLS_PRIVATE_EXTERN = NO;
				GCC_WARN_64_TO_32_BIT_CONVERSION = YES;
				GCC_WARN_ABOUT_RETURN_TYPE = YES_ERROR;
				GCC_WARN_UNDECLARED_SELECTOR = YES;
				GCC_WARN_UNINITIALIZED_AUTOS = YES_AGGRESSIVE;
				GCC_WARN_UNUSED_FUNCTION = YES;
				GCC_WARN_UNUSED_VARIABLE = YES;
				MACOSX_DEPLOYMENT_TARGET = 10.9;
				MTL_ENABLE_DEBUG_INFO = YES;
				ONLY_ACTIVE_ARCH = YES;
				SDKROOT = macosx;
			};
			name = Debug;
		};
		426D624019D26FAC00B89DA3 /* Release */ = {
			isa = XCBuildConfiguration;
			buildSettings = {
				ALWAYS_SEARCH_USER_PATHS = NO;
				CLANG_CXX_LANGUAGE_STANDARD = "gnu++0x";
				CLANG_CXX_LIBRARY = "libc++";
				CLANG_ENABLE_MODULES = YES;
				CLANG_ENABLE_OBJC_ARC = YES;
				CLANG_WARN_BOOL_CONVERSION = YES;
				CLANG_WARN_CONSTANT_CONVERSION = YES;
				CLANG_WARN_DIRECT_OBJC_ISA_USAGE = YES_ERROR;
				CLANG_WARN_EMPTY_BODY = YES;
				CLANG_WARN_ENUM_CONVERSION = YES;
				CLANG_WARN_INT_CONVERSION = YES;
				CLANG_WARN_OBJC_ROOT_CLASS = YES_ERROR;
				CLANG_WARN_UNREACHABLE_CODE = YES;
				CLANG_WARN__DUPLICATE_METHOD_MATCH = YES;
				CODE_SIGN_IDENTITY = "-";
				COPY_PHASE_STRIP = YES;
				DEBUG_INFORMATION_FORMAT = "dwarf-with-dsym";
				ENABLE_NS_ASSERTIONS = NO;
				ENABLE_STRICT_OBJC_MSGSEND = YES;
				GCC_C_LANGUAGE_STANDARD = gnu99;
				GCC_WARN_64_TO_32_BIT_CONVERSION = YES;
				GCC_WARN_ABOUT_RETURN_TYPE = YES_ERROR;
				GCC_WARN_UNDECLARED_SELECTOR = YES;
				GCC_WARN_UNINITIALIZED_AUTOS = YES_AGGRESSIVE;
				GCC_WARN_UNUSED_FUNCTION = YES;
				GCC_WARN_UNUSED_VARIABLE = YES;
				MACOSX_DEPLOYMENT_TARGET = 10.9;
				MTL_ENABLE_DEBUG_INFO = NO;
				SDKROOT = macosx;
			};
			name = Release;
		};
		426D624219D26FAC00B89DA3 /* Debug */ = {
			isa = XCBuildConfiguration;
			buildSettings = {
				ASSETCATALOG_COMPILER_APPICON_NAME = AppIcon;
				COMBINE_HIDPI_IMAGES = YES;
				INFOPLIST_FILE = FileAssociation/Info.plist;
				LD_RUNPATH_SEARCH_PATHS = "$(inherited) @executable_path/../Frameworks";
				PRODUCT_NAME = "$(TARGET_NAME)";
			};
			name = Debug;
		};
		426D624319D26FAC00B89DA3 /* Release */ = {
			isa = XCBuildConfiguration;
			buildSettings = {
				ASSETCATALOG_COMPILER_APPICON_NAME = AppIcon;
				COMBINE_HIDPI_IMAGES = YES;
				INFOPLIST_FILE = FileAssociation/Info.plist;
				LD_RUNPATH_SEARCH_PATHS = "$(inherited) @executable_path/../Frameworks";
				PRODUCT_NAME = "$(TARGET_NAME)";
			};
			name = Release;
		};
		426D624519D26FAC00B89DA3 /* Debug */ = {
			isa = XCBuildConfiguration;
			buildSettings = {
				BUNDLE_LOADER = "$(TEST_HOST)";
				COMBINE_HIDPI_IMAGES = YES;
				FRAMEWORK_SEARCH_PATHS = (
					"$(DEVELOPER_FRAMEWORKS_DIR)",
					"$(inherited)",
				);
				GCC_PREPROCESSOR_DEFINITIONS = (
					"DEBUG=1",
					"$(inherited)",
				);
				INFOPLIST_FILE = FileAssociationTests/Info.plist;
				LD_RUNPATH_SEARCH_PATHS = "$(inherited) @executable_path/../Frameworks @loader_path/../Frameworks";
				PRODUCT_NAME = "$(TARGET_NAME)";
				TEST_HOST = "$(BUILT_PRODUCTS_DIR)/FileAssociation.app/Contents/MacOS/FileAssociation";
			};
			name = Debug;
		};
		426D624619D26FAC00B89DA3 /* Release */ = {
			isa = XCBuildConfiguration;
			buildSettings = {
				BUNDLE_LOADER = "$(TEST_HOST)";
				COMBINE_HIDPI_IMAGES = YES;
				FRAMEWORK_SEARCH_PATHS = (
					"$(DEVELOPER_FRAMEWORKS_DIR)",
					"$(inherited)",
				);
				INFOPLIST_FILE = FileAssociationTests/Info.plist;
				LD_RUNPATH_SEARCH_PATHS = "$(inherited) @executable_path/../Frameworks @loader_path/../Frameworks";
				PRODUCT_NAME = "$(TARGET_NAME)";
				TEST_HOST = "$(BUILT_PRODUCTS_DIR)/FileAssociation.app/Contents/MacOS/FileAssociation";
			};
			name = Release;
		};
/* End XCBuildConfiguration section */

/* Begin XCConfigurationList section */
		426D621F19D26FAB00B89DA3 /* Build configuration list for PBXProject "FileAssociation" */ = {
			isa = XCConfigurationList;
			buildConfigurations = (
				426D623F19D26FAC00B89DA3 /* Debug */,
				426D624019D26FAC00B89DA3 /* Release */,
			);
			defaultConfigurationIsVisible = 0;
			defaultConfigurationName = Release;
		};
		426D624119D26FAC00B89DA3 /* Build configuration list for PBXNativeTarget "FileAssociation" */ = {
			isa = XCConfigurationList;
			buildConfigurations = (
				426D624219D26FAC00B89DA3 /* Debug */,
				426D624319D26FAC00B89DA3 /* Release */,
			);
			defaultConfigurationIsVisible = 0;
		};
		426D624419D26FAC00B89DA3 /* Build configuration list for PBXNativeTarget "FileAssociationTests" */ = {
			isa = XCConfigurationList;
			buildConfigurations = (
				426D624519D26FAC00B89DA3 /* Debug */,
				426D624619D26FAC00B89DA3 /* Release */,
			);
			defaultConfigurationIsVisible = 0;
		};
/* End XCConfigurationList section */
	};
	rootObject = 426D621C19D26FAB00B89DA3 /* Project object */;
}
